
Microsoft Visual Studio Solution File, Format Version 12.00
# Visual Studio 15
Project("{FAE04EC0-301F-11D3-BF4B-00C04F79EFBC}") = "Assembly-CSharp", "Assembly-CSharp.csproj", "{F86EC574-4A23-10A1-85EC-2FC3A9CDF086}"
EndProject
Project("{FAE04EC0-301F-11D3-BF4B-00C04F79EFBC}") = "Assembly-CSharp-firstpass", "Assembly-CSharp-firstpass.csproj", "{53A3E0BA-60F7-7861-83E2-05A0ECF18CC4}"
EndProject
Project("{FAE04EC0-301F-11D3-BF4B-00C04F79EFBC}") = "Assembly-CSharp-Editor", "Assembly-CSharp-Editor.csproj", "{B33E1F5C-4EB7-CB14-CBD1-FC33E4DB697D}"
EndProject
Global
	GlobalSection(SolutionConfigurationPlatforms) = preSolution
		Debug|Any CPU = Debug|Any CPU
		Release|Any CPU = Release|Any CPU
	EndGlobalSection
	GlobalSection(ProjectConfigurationPlatforms) = postSolution
		{F86EC574-4A23-10A1-85EC-2FC3A9CDF086}.Debug|Any CPU.ActiveCfg = Debug|Any CPU
		{F86EC574-4A23-10A1-85EC-2FC3A9CDF086}.Debug|Any CPU.Build.0 = Debug|Any CPU
		{F86EC574-4A23-10A1-85EC-2FC3A9CDF086}.Release|Any CPU.ActiveCfg = Release|Any CPU
		{F86EC574-4A23-10A1-85EC-2FC3A9CDF086}.Release|Any CPU.Build.0 = Release|Any CPU
		{53A3E0BA-60F7-7861-83E2-05A0ECF18CC4}.Debug|Any CPU.ActiveCfg = Debug|Any CPU
		{53A3E0BA-60F7-7861-83E2-05A0ECF18CC4}.Debug|Any CPU.Build.0 = Debug|Any CPU
		{53A3E0BA-60F7-7861-83E2-05A0ECF18CC4}.Release|Any CPU.ActiveCfg = Release|Any CPU
		{53A3E0BA-60F7-7861-83E2-05A0ECF18CC4}.Release|Any CPU.Build.0 = Release|Any CPU
		{B33E1F5C-4EB7-CB14-CBD1-FC33E4DB697D}.Debug|Any CPU.ActiveCfg = Debug|Any CPU
		{B33E1F5C-4EB7-CB14-CBD1-FC33E4DB697D}.Debug|Any CPU.Build.0 = Debug|Any CPU
		{B33E1F5C-4EB7-CB14-CBD1-FC33E4DB697D}.Release|Any CPU.ActiveCfg = Release|Any CPU
		{B33E1F5C-4EB7-CB14-CBD1-FC33E4DB697D}.Release|Any CPU.Build.0 = Release|Any CPU
	EndGlobalSection
	GlobalSection(SolutionProperties) = preSolution
		HideSolutionNode = FALSE
	EndGlobalSection
EndGlobal
